
Microsoft Visual Studio Solution File, Format Version 12.00
# Visual Studio Version 16
VisualStudioVersion = 16.0.29519.181
MinimumVisualStudioVersion = 10.0.40219.1
Project("{FAE04EC0-301F-11D3-BF4B-00C04F79EFBC}") = "MessageSender", "MessageSender.csproj", "{D762E9AB-E5EE-4E14-8328-638C48C12FC0}"
EndProject
Global
	GlobalSection(SolutionConfigurationPlatforms) = preSolution
		Debug|Any CPU = Debug|Any CPU
		Release|Any CPU = Release|Any CPU
	EndGlobalSection
	GlobalSection(ProjectConfigurationPlatforms) = postSolution
		{D762E9AB-E5EE-4E14-8328-638C48C12FC0}.Debug|Any CPU.ActiveCfg = Debug|Any CPU
		{D762E9AB-E5EE-4E14-8328-638C48C12FC0}.Debug|Any CPU.Build.0 = Debug|Any CPU
		{D762E9AB-E5EE-4E14-8328-638C48C12FC0}.Release|Any CPU.ActiveCfg = Release|Any CPU
		{D762E9AB-E5EE-4E14-8328-638C48C12FC0}.Release|Any CPU.Build.0 = Release|Any CPU
	EndGlobalSection
	GlobalSection(SolutionProperties) = preSolution
		HideSolutionNode = FALSE
	EndGlobalSection
	GlobalSection(ExtensibilityGlobals) = postSolution
		SolutionGuid = {21CB4B4A-6FA9-4E3A-BAA6-796B2CA2DEA5}
	EndGlobalSection
EndGlobal
